
Microsoft Visual Studio Solution File, Format Version 12.00
# Visual Studio Version 17
VisualStudioVersion = 17.5.002.0
MinimumVisualStudioVersion = 10.0.40219.1
Project("{9A19103F-16F7-4668-BE54-9A1E7A4F7556}") = "Doador_de_sangue", "Doador_de_sangue.csproj", "{F80EF012-2264-48E0-AE80-41044DAC4DFC}"
EndProject
Global
	GlobalSection(SolutionConfigurationPlatforms) = preSolution
		Debug|Any CPU = Debug|Any CPU
		Release|Any CPU = Release|Any CPU
	EndGlobalSection
	GlobalSection(ProjectConfigurationPlatforms) = postSolution
		{F80EF012-2264-48E0-AE80-41044DAC4DFC}.Debug|Any CPU.ActiveCfg = Debug|Any CPU
		{F80EF012-2264-48E0-AE80-41044DAC4DFC}.Debug|Any CPU.Build.0 = Debug|Any CPU
		{F80EF012-2264-48E0-AE80-41044DAC4DFC}.Release|Any CPU.ActiveCfg = Release|Any CPU
		{F80EF012-2264-48E0-AE80-41044DAC4DFC}.Release|Any CPU.Build.0 = Release|Any CPU
	EndGlobalSection
	GlobalSection(SolutionProperties) = preSolution
		HideSolutionNode = FALSE
	EndGlobalSection
	GlobalSection(ExtensibilityGlobals) = postSolution
		SolutionGuid = {8EFAB223-DC27-4C61-BD5E-509093EE75F7}
	EndGlobalSection
EndGlobal
